
Microsoft Visual Studio Solution File, Format Version 12.00
Project("{FAE04EC0-301F-11D3-BF4B-00C04F79EFBC}") = "WebApp", "WebApp\WebApp.csproj", "{A105AFDE-C65A-4ABB-9612-80A77A48958E}"
EndProject
Project("{FAE04EC0-301F-11D3-BF4B-00C04F79EFBC}") = "Domain.App", "Domain.App\Domain.App.csproj", "{83758C4F-5370-4F43-85E3-F1CF1DDBA89A}"
EndProject
Project("{FAE04EC0-301F-11D3-BF4B-00C04F79EFBC}") = "DAL.App.EF", "DAL.App.EF\DAL.App.EF.csproj", "{6339480D-2F71-4E65-B61F-897A414FF0A8}"
EndProject
Project("{2150E333-8FDC-42A3-9474-1A3956D46DE8}") = "Solution Items", "Solution Items", "{D3DD2C99-3115-457D-8726-3EBFB9062F41}"
ProjectSection(SolutionItems) = preProject
	Directory.Build.props = Directory.Build.props
	.dockerignore = .dockerignore
	Dockerfile = Dockerfile
	.gitignore = .gitignore
	README.md = README.md
EndProjectSection
EndProject
Project("{FAE04EC0-301F-11D3-BF4B-00C04F79EFBC}") = "Contracts.DAL.Base", "Contracts.DAL.Base\Contracts.DAL.Base.csproj", "{4FF93AC3-A552-4F78-8B2F-0DB89D84593A}"
EndProject
Project("{FAE04EC0-301F-11D3-BF4B-00C04F79EFBC}") = "Contracts.Domain.Base", "Contracts.Domain.Base\Contracts.Domain.Base.csproj", "{96783E63-DBD5-410C-8ED8-43E90700C6A4}"
EndProject
Project("{FAE04EC0-301F-11D3-BF4B-00C04F79EFBC}") = "DAL.Base.EF", "DAL.Base.EF\DAL.Base.EF.csproj", "{D112AC74-0FAE-47EE-99CA-24B6789BAC18}"
EndProject
Project("{FAE04EC0-301F-11D3-BF4B-00C04F79EFBC}") = "Domain.Base", "Domain.Base\Domain.Base.csproj", "{AE3522E2-3C18-42B3-8A02-D683813C49C7}"
EndProject
Project("{FAE04EC0-301F-11D3-BF4B-00C04F79EFBC}") = "Contracts.DAL.App", "Contracts.DAL.App\Contracts.DAL.App.csproj", "{46140E59-E7FC-46CB-803D-B7BB4F5439F6}"
EndProject
Project("{FAE04EC0-301F-11D3-BF4B-00C04F79EFBC}") = "DAL.Base", "DAL.Base\DAL.Base.csproj", "{47F0397A-9BBD-45D7-A463-2838CA76D099}"
EndProject
Project("{FAE04EC0-301F-11D3-BF4B-00C04F79EFBC}") = "Extensions.Base", "Extensions.Base\Extensions.Base.csproj", "{E8FCA3CB-5653-484B-A5AD-76B4FE696BE4}"
EndProject
Project("{FAE04EC0-301F-11D3-BF4B-00C04F79EFBC}") = "DTO.App", "DTO.App\DTO.App.csproj", "{CF1E94F3-F033-4EF5-9085-8E622EE2F283}"
EndProject
Project("{FAE04EC0-301F-11D3-BF4B-00C04F79EFBC}") = "BLL.App.DTO", "BLL.App.DTO\BLL.App.DTO.csproj", "{BEF021E4-9CBC-4540-98FD-3F917D21657B}"
EndProject
Project("{FAE04EC0-301F-11D3-BF4B-00C04F79EFBC}") = "DAL.App.DTO", "DAL.App.DTO\DAL.App.DTO.csproj", "{CFF3E90B-17DC-4F70-8678-49F210A06EC3}"
EndProject
Project("{FAE04EC0-301F-11D3-BF4B-00C04F79EFBC}") = "Contracts.BLL.Base", "Contracts.BLL.Base\Contracts.BLL.Base.csproj", "{7A7CF3B9-FF94-4AA2-B9CF-62566FFAFEC4}"
EndProject
Project("{FAE04EC0-301F-11D3-BF4B-00C04F79EFBC}") = "BLL.App", "BLL.App\BLL.App.csproj", "{75D4A271-D912-4C0F-A77D-AA05C859188E}"
EndProject
Project("{FAE04EC0-301F-11D3-BF4B-00C04F79EFBC}") = "BLL.Base", "BLL.Base\BLL.Base.csproj", "{5A24C339-9AD3-4A5C-9881-9D4A90540CA1}"
EndProject
Project("{FAE04EC0-301F-11D3-BF4B-00C04F79EFBC}") = "Contracts.BLL.App", "Contracts.BLL.App\Contracts.BLL.App.csproj", "{B8AA30F2-91CF-4109-A1DD-199F906B11AD}"
EndProject
Project("{2150E333-8FDC-42A3-9474-1A3956D46DE8}") = "Base", "Base", "{0E965873-3FAF-4300-AB18-EFBDAFA221AD}"
EndProject
Project("{2150E333-8FDC-42A3-9474-1A3956D46DE8}") = "App", "App", "{1DF2E712-B21B-49BF-B4F6-1DCCA122E233}"
EndProject
Project("{FAE04EC0-301F-11D3-BF4B-00C04F79EFBC}") = "PublicApi.DTO.v1", "PublicApi.DTO.v1\PublicApi.DTO.v1.csproj", "{A7FF7E7D-A815-4AA9-9894-1E43C711A7B9}"
EndProject
Project("{FAE04EC0-301F-11D3-BF4B-00C04F79EFBC}") = "Resources", "Resources\Resources.csproj", "{01357D44-47D1-4B79-87AA-275D7D5824E0}"
EndProject
Project("{FAE04EC0-301F-11D3-BF4B-00C04F79EFBC}") = "Resources.Base", "Resources.Base\Resources.Base.csproj", "{B8884258-924A-4238-A613-438508CE859B}"
EndProject
Project("{FAE04EC0-301F-11D3-BF4B-00C04F79EFBC}") = "TestProject", "TestProject\TestProject.csproj", "{8FF6AA82-69B1-4D59-B017-6B7E03B709EF}"
EndProject
Project("{2150E333-8FDC-42A3-9474-1A3956D46DE8}") = "Tests", "Tests", "{75C2C3A8-5B14-4211-9B83-8F6C6C2759D8}"
EndProject
Global
	GlobalSection(SolutionConfigurationPlatforms) = preSolution
		Debug|Any CPU = Debug|Any CPU
		Release|Any CPU = Release|Any CPU
	EndGlobalSection
	GlobalSection(ProjectConfigurationPlatforms) = postSolution
		{A105AFDE-C65A-4ABB-9612-80A77A48958E}.Debug|Any CPU.ActiveCfg = Debug|Any CPU
		{A105AFDE-C65A-4ABB-9612-80A77A48958E}.Debug|Any CPU.Build.0 = Debug|Any CPU
		{A105AFDE-C65A-4ABB-9612-80A77A48958E}.Release|Any CPU.ActiveCfg = Release|Any CPU
		{A105AFDE-C65A-4ABB-9612-80A77A48958E}.Release|Any CPU.Build.0 = Release|Any CPU
		{83758C4F-5370-4F43-85E3-F1CF1DDBA89A}.Debug|Any CPU.ActiveCfg = Debug|Any CPU
		{83758C4F-5370-4F43-85E3-F1CF1DDBA89A}.Debug|Any CPU.Build.0 = Debug|Any CPU
		{83758C4F-5370-4F43-85E3-F1CF1DDBA89A}.Release|Any CPU.ActiveCfg = Release|Any CPU
		{83758C4F-5370-4F43-85E3-F1CF1DDBA89A}.Release|Any CPU.Build.0 = Release|Any CPU
		{6339480D-2F71-4E65-B61F-897A414FF0A8}.Debug|Any CPU.ActiveCfg = Debug|Any CPU
		{6339480D-2F71-4E65-B61F-897A414FF0A8}.Debug|Any CPU.Build.0 = Debug|Any CPU
		{6339480D-2F71-4E65-B61F-897A414FF0A8}.Release|Any CPU.ActiveCfg = Release|Any CPU
		{6339480D-2F71-4E65-B61F-897A414FF0A8}.Release|Any CPU.Build.0 = Release|Any CPU
		{4FF93AC3-A552-4F78-8B2F-0DB89D84593A}.Debug|Any CPU.ActiveCfg = Debug|Any CPU
		{4FF93AC3-A552-4F78-8B2F-0DB89D84593A}.Debug|Any CPU.Build.0 = Debug|Any CPU
		{4FF93AC3-A552-4F78-8B2F-0DB89D84593A}.Release|Any CPU.ActiveCfg = Release|Any CPU
		{4FF93AC3-A552-4F78-8B2F-0DB89D84593A}.Release|Any CPU.Build.0 = Release|Any CPU
		{96783E63-DBD5-410C-8ED8-43E90700C6A4}.Debug|Any CPU.ActiveCfg = Debug|Any CPU
		{96783E63-DBD5-410C-8ED8-43E90700C6A4}.Debug|Any CPU.Build.0 = Debug|Any CPU
		{96783E63-DBD5-410C-8ED8-43E90700C6A4}.Release|Any CPU.ActiveCfg = Release|Any CPU
		{96783E63-DBD5-410C-8ED8-43E90700C6A4}.Release|Any CPU.Build.0 = Release|Any CPU
		{D112AC74-0FAE-47EE-99CA-24B6789BAC18}.Debug|Any CPU.ActiveCfg = Debug|Any CPU
		{D112AC74-0FAE-47EE-99CA-24B6789BAC18}.Debug|Any CPU.Build.0 = Debug|Any CPU
		{D112AC74-0FAE-47EE-99CA-24B6789BAC18}.Release|Any CPU.ActiveCfg = Release|Any CPU
		{D112AC74-0FAE-47EE-99CA-24B6789BAC18}.Release|Any CPU.Build.0 = Release|Any CPU
		{AE3522E2-3C18-42B3-8A02-D683813C49C7}.Debug|Any CPU.ActiveCfg = Debug|Any CPU
		{AE3522E2-3C18-42B3-8A02-D683813C49C7}.Debug|Any CPU.Build.0 = Debug|Any CPU
		{AE3522E2-3C18-42B3-8A02-D683813C49C7}.Release|Any CPU.ActiveCfg = Release|Any CPU
		{AE3522E2-3C18-42B3-8A02-D683813C49C7}.Release|Any CPU.Build.0 = Release|Any CPU
		{46140E59-E7FC-46CB-803D-B7BB4F5439F6}.Debug|Any CPU.ActiveCfg = Debug|Any CPU
		{46140E59-E7FC-46CB-803D-B7BB4F5439F6}.Debug|Any CPU.Build.0 = Debug|Any CPU
		{46140E59-E7FC-46CB-803D-B7BB4F5439F6}.Release|Any CPU.ActiveCfg = Release|Any CPU
		{46140E59-E7FC-46CB-803D-B7BB4F5439F6}.Release|Any CPU.Build.0 = Release|Any CPU
		{47F0397A-9BBD-45D7-A463-2838CA76D099}.Debug|Any CPU.ActiveCfg = Debug|Any CPU
		{47F0397A-9BBD-45D7-A463-2838CA76D099}.Debug|Any CPU.Build.0 = Debug|Any CPU
		{47F0397A-9BBD-45D7-A463-2838CA76D099}.Release|Any CPU.ActiveCfg = Release|Any CPU
		{47F0397A-9BBD-45D7-A463-2838CA76D099}.Release|Any CPU.Build.0 = Release|Any CPU
		{E8FCA3CB-5653-484B-A5AD-76B4FE696BE4}.Debug|Any CPU.ActiveCfg = Debug|Any CPU
		{E8FCA3CB-5653-484B-A5AD-76B4FE696BE4}.Debug|Any CPU.Build.0 = Debug|Any CPU
		{E8FCA3CB-5653-484B-A5AD-76B4FE696BE4}.Release|Any CPU.ActiveCfg = Release|Any CPU
		{E8FCA3CB-5653-484B-A5AD-76B4FE696BE4}.Release|Any CPU.Build.0 = Release|Any CPU
		{CF1E94F3-F033-4EF5-9085-8E622EE2F283}.Debug|Any CPU.ActiveCfg = Debug|Any CPU
		{CF1E94F3-F033-4EF5-9085-8E622EE2F283}.Debug|Any CPU.Build.0 = Debug|Any CPU
		{CF1E94F3-F033-4EF5-9085-8E622EE2F283}.Release|Any CPU.ActiveCfg = Release|Any CPU
		{CF1E94F3-F033-4EF5-9085-8E622EE2F283}.Release|Any CPU.Build.0 = Release|Any CPU
		{BEF021E4-9CBC-4540-98FD-3F917D21657B}.Debug|Any CPU.ActiveCfg = Debug|Any CPU
		{BEF021E4-9CBC-4540-98FD-3F917D21657B}.Debug|Any CPU.Build.0 = Debug|Any CPU
		{BEF021E4-9CBC-4540-98FD-3F917D21657B}.Release|Any CPU.ActiveCfg = Release|Any CPU
		{BEF021E4-9CBC-4540-98FD-3F917D21657B}.Release|Any CPU.Build.0 = Release|Any CPU
		{CFF3E90B-17DC-4F70-8678-49F210A06EC3}.Debug|Any CPU.ActiveCfg = Debug|Any CPU
		{CFF3E90B-17DC-4F70-8678-49F210A06EC3}.Debug|Any CPU.Build.0 = Debug|Any CPU
		{CFF3E90B-17DC-4F70-8678-49F210A06EC3}.Release|Any CPU.ActiveCfg = Release|Any CPU
		{CFF3E90B-17DC-4F70-8678-49F210A06EC3}.Release|Any CPU.Build.0 = Release|Any CPU
		{7A7CF3B9-FF94-4AA2-B9CF-62566FFAFEC4}.Debug|Any CPU.ActiveCfg = Debug|Any CPU
		{7A7CF3B9-FF94-4AA2-B9CF-62566FFAFEC4}.Debug|Any CPU.Build.0 = Debug|Any CPU
		{7A7CF3B9-FF94-4AA2-B9CF-62566FFAFEC4}.Release|Any CPU.ActiveCfg = Release|Any CPU
		{7A7CF3B9-FF94-4AA2-B9CF-62566FFAFEC4}.Release|Any CPU.Build.0 = Release|Any CPU
		{75D4A271-D912-4C0F-A77D-AA05C859188E}.Debug|Any CPU.ActiveCfg = Debug|Any CPU
		{75D4A271-D912-4C0F-A77D-AA05C859188E}.Debug|Any CPU.Build.0 = Debug|Any CPU
		{75D4A271-D912-4C0F-A77D-AA05C859188E}.Release|Any CPU.ActiveCfg = Release|Any CPU
		{75D4A271-D912-4C0F-A77D-AA05C859188E}.Release|Any CPU.Build.0 = Release|Any CPU
		{5A24C339-9AD3-4A5C-9881-9D4A90540CA1}.Debug|Any CPU.ActiveCfg = Debug|Any CPU
		{5A24C339-9AD3-4A5C-9881-9D4A90540CA1}.Debug|Any CPU.Build.0 = Debug|Any CPU
		{5A24C339-9AD3-4A5C-9881-9D4A90540CA1}.Release|Any CPU.ActiveCfg = Release|Any CPU
		{5A24C339-9AD3-4A5C-9881-9D4A90540CA1}.Release|Any CPU.Build.0 = Release|Any CPU
		{B8AA30F2-91CF-4109-A1DD-199F906B11AD}.Debug|Any CPU.ActiveCfg = Debug|Any CPU
		{B8AA30F2-91CF-4109-A1DD-199F906B11AD}.Debug|Any CPU.Build.0 = Debug|Any CPU
		{B8AA30F2-91CF-4109-A1DD-199F906B11AD}.Release|Any CPU.ActiveCfg = Release|Any CPU
		{B8AA30F2-91CF-4109-A1DD-199F906B11AD}.Release|Any CPU.Build.0 = Release|Any CPU
		{A7FF7E7D-A815-4AA9-9894-1E43C711A7B9}.Debug|Any CPU.ActiveCfg = Debug|Any CPU
		{A7FF7E7D-A815-4AA9-9894-1E43C711A7B9}.Debug|Any CPU.Build.0 = Debug|Any CPU
		{A7FF7E7D-A815-4AA9-9894-1E43C711A7B9}.Release|Any CPU.ActiveCfg = Release|Any CPU
		{A7FF7E7D-A815-4AA9-9894-1E43C711A7B9}.Release|Any CPU.Build.0 = Release|Any CPU
		{01357D44-47D1-4B79-87AA-275D7D5824E0}.Debug|Any CPU.ActiveCfg = Debug|Any CPU
		{01357D44-47D1-4B79-87AA-275D7D5824E0}.Debug|Any CPU.Build.0 = Debug|Any CPU
		{01357D44-47D1-4B79-87AA-275D7D5824E0}.Release|Any CPU.ActiveCfg = Release|Any CPU
		{01357D44-47D1-4B79-87AA-275D7D5824E0}.Release|Any CPU.Build.0 = Release|Any CPU
		{B8884258-924A-4238-A613-438508CE859B}.Debug|Any CPU.ActiveCfg = Debug|Any CPU
		{B8884258-924A-4238-A613-438508CE859B}.Debug|Any CPU.Build.0 = Debug|Any CPU
		{B8884258-924A-4238-A613-438508CE859B}.Release|Any CPU.ActiveCfg = Release|Any CPU
		{B8884258-924A-4238-A613-438508CE859B}.Release|Any CPU.Build.0 = Release|Any CPU
		{8FF6AA82-69B1-4D59-B017-6B7E03B709EF}.Debug|Any CPU.ActiveCfg = Debug|Any CPU
		{8FF6AA82-69B1-4D59-B017-6B7E03B709EF}.Debug|Any CPU.Build.0 = Debug|Any CPU
		{8FF6AA82-69B1-4D59-B017-6B7E03B709EF}.Release|Any CPU.ActiveCfg = Release|Any CPU
		{8FF6AA82-69B1-4D59-B017-6B7E03B709EF}.Release|Any CPU.Build.0 = Release|Any CPU
	EndGlobalSection
	GlobalSection(NestedProjects) = preSolution
		{75D4A271-D912-4C0F-A77D-AA05C859188E} = {1DF2E712-B21B-49BF-B4F6-1DCCA122E233}
		{BEF021E4-9CBC-4540-98FD-3F917D21657B} = {1DF2E712-B21B-49BF-B4F6-1DCCA122E233}
		{7A7CF3B9-FF94-4AA2-B9CF-62566FFAFEC4} = {0E965873-3FAF-4300-AB18-EFBDAFA221AD}
		{96783E63-DBD5-410C-8ED8-43E90700C6A4} = {0E965873-3FAF-4300-AB18-EFBDAFA221AD}
		{B8AA30F2-91CF-4109-A1DD-199F906B11AD} = {1DF2E712-B21B-49BF-B4F6-1DCCA122E233}
		{46140E59-E7FC-46CB-803D-B7BB4F5439F6} = {1DF2E712-B21B-49BF-B4F6-1DCCA122E233}
		{5A24C339-9AD3-4A5C-9881-9D4A90540CA1} = {0E965873-3FAF-4300-AB18-EFBDAFA221AD}
		{CFF3E90B-17DC-4F70-8678-49F210A06EC3} = {1DF2E712-B21B-49BF-B4F6-1DCCA122E233}
		{6339480D-2F71-4E65-B61F-897A414FF0A8} = {1DF2E712-B21B-49BF-B4F6-1DCCA122E233}
		{47F0397A-9BBD-45D7-A463-2838CA76D099} = {0E965873-3FAF-4300-AB18-EFBDAFA221AD}
		{D112AC74-0FAE-47EE-99CA-24B6789BAC18} = {0E965873-3FAF-4300-AB18-EFBDAFA221AD}
		{AE3522E2-3C18-42B3-8A02-D683813C49C7} = {0E965873-3FAF-4300-AB18-EFBDAFA221AD}
		{E8FCA3CB-5653-484B-A5AD-76B4FE696BE4} = {0E965873-3FAF-4300-AB18-EFBDAFA221AD}
		{83758C4F-5370-4F43-85E3-F1CF1DDBA89A} = {1DF2E712-B21B-49BF-B4F6-1DCCA122E233}
		{CF1E94F3-F033-4EF5-9085-8E622EE2F283} = {1DF2E712-B21B-49BF-B4F6-1DCCA122E233}
		{A105AFDE-C65A-4ABB-9612-80A77A48958E} = {1DF2E712-B21B-49BF-B4F6-1DCCA122E233}
		{4FF93AC3-A552-4F78-8B2F-0DB89D84593A} = {0E965873-3FAF-4300-AB18-EFBDAFA221AD}
		{A7FF7E7D-A815-4AA9-9894-1E43C711A7B9} = {1DF2E712-B21B-49BF-B4F6-1DCCA122E233}
		{01357D44-47D1-4B79-87AA-275D7D5824E0} = {1DF2E712-B21B-49BF-B4F6-1DCCA122E233}
		{B8884258-924A-4238-A613-438508CE859B} = {0E965873-3FAF-4300-AB18-EFBDAFA221AD}
		{8FF6AA82-69B1-4D59-B017-6B7E03B709EF} = {75C2C3A8-5B14-4211-9B83-8F6C6C2759D8}
	EndGlobalSection
EndGlobal
